{
  "originHash" : "084d6ae55dc91ebd4bc26a811a5e45585f94a807e8d941b710ea4b70f36875b2",
  "pins" : [
    {
      "identity" : "posthog-ios",
      "kind" : "remoteSourceControl",
      "location" : "https://github.com/PostHog/posthog-ios.git",
      "state" : {
        "revision" : "067ccbb5290517eb7362117879488f9286ffe299",
        "version" : "3.67.0"
      }
    },
    {
      "identity" : "purchases-ios-spm",
      "kind" : "remoteSourceControl",
      "location" : "https://github.com/RevenueCat/purchases-ios-spm.git",
      "state" : {
        "revision" : "4b28e6817c746be6bb710f2bcc0a7e8d9f9e3afa",
        "version" : "5.81.1"
      }
    }
  ],
  "version" : 3
}
